// !$*UTF8*$!
{
	archiveVersion = 1;
	classes = {
	};
	objectVersion = 56;
	objects = {

/* Begin PBXBuildFile section */
		3E03BD902BF5E34100C5CF63 /* AddTaskButton.swift in Sources */ = {isa = PBXBuildFile; fileRef = 3E03BD8F2BF5E34100C5CF63 /* AddTaskButton.swift */; };
		3E03BD922BF5EC7D00C5CF63 /* NewTaskForm.swift in Sources */ = {isa = PBXBuildFile; fileRef = 3E03BD912BF5EC7D00C5CF63 /* NewTaskForm.swift */; };
		3E03BD952BF5F9C600C5CF63 /* TodoView.swift in Sources */ = {isa = PBXBuildFile; fileRef = 3E03BD942BF5F9C600C5CF63 /* TodoView.swift */; };
		3E03BD972BF5FD4400C5CF63 /* TodoRow.swift in Sources */ = {isa = PBXBuildFile; fileRef = 3E03BD962BF5FD4400C5CF63 /* TodoRow.swift */; };
		3E03BD9A2BF61F2D00C5CF63 /* CheckboxToggleStyle.swift in Sources */ = {isa = PBXBuildFile; fileRef = 3E03BD992BF61F2C00C5CF63 /* CheckboxToggleStyle.swift */; };
		3E03BD9C2BF6366D00C5CF63 /* TaskDetail.swift in Sources */ = {isa = PBXBuildFile; fileRef = 3E03BD9B2BF6366D00C5CF63 /* TaskDetail.swift */; };
		3E03BD9E2BF9034E00C5CF63 /* BindingExtension.swift in Sources */ = {isa = PBXBuildFile; fileRef = 3E03BD9D2BF9034D00C5CF63 /* BindingExtension.swift */; };
		3E4360E82BF9F6BA00128B9B /* DailyRow.swift in Sources */ = {isa = PBXBuildFile; fileRef = 3E4360E72BF9F6BA00128B9B /* DailyRow.swift */; };
		3E4360EC2BFA13E800128B9B /* WeeklyRow.swift in Sources */ = {isa = PBXBuildFile; fileRef = 3E4360EB2BFA13E800128B9B /* WeeklyRow.swift */; };
		3E4BCD0F2C5E62690043D003 /* StreakText.swift in Sources */ = {isa = PBXBuildFile; fileRef = 3E4BCD0E2C5E62690043D003 /* StreakText.swift */; };
		3E9076032BF334F900C8D8A6 /* onePercentApp.swift in Sources */ = {isa = PBXBuildFile; fileRef = 3E9076022BF334F900C8D8A6 /* onePercentApp.swift */; };
		3E9076052BF334F900C8D8A6 /* ContentView.swift in Sources */ = {isa = PBXBuildFile; fileRef = 3E9076042BF334F900C8D8A6 /* ContentView.swift */; };
		3E9076072BF334F900C8D8A6 /* Task.swift in Sources */ = {isa = PBXBuildFile; fileRef = 3E9076062BF334F900C8D8A6 /* Task.swift */; };
		3E9076092BF334FB00C8D8A6 /* Assets.xcassets in Resources */ = {isa = PBXBuildFile; fileRef = 3E9076082BF334FB00C8D8A6 /* Assets.xcassets */; };
		3E90760C2BF334FB00C8D8A6 /* Preview Assets.xcassets in Resources */ = {isa = PBXBuildFile; fileRef = 3E90760B2BF334FB00C8D8A6 /* Preview Assets.xcassets */; };
		3E9076152BF3A86400C8D8A6 /* DailyView.swift in Sources */ = {isa = PBXBuildFile; fileRef = 3E9076142BF3A86400C8D8A6 /* DailyView.swift */; };
		3E9076192BF3A8D900C8D8A6 /* WeeklyView.swift in Sources */ = {isa = PBXBuildFile; fileRef = 3E9076182BF3A8D900C8D8A6 /* WeeklyView.swift */; };
		3E90761C2BF487E400C8D8A6 /* Profile.swift in Sources */ = {isa = PBXBuildFile; fileRef = 3E90761B2BF487E400C8D8A6 /* Profile.swift */; };
		3E90761E2BF48B8C00C8D8A6 /* ProfileView.swift in Sources */ = {isa = PBXBuildFile; fileRef = 3E90761D2BF48B8C00C8D8A6 /* ProfileView.swift */; };
/* End PBXBuildFile section */

/* Begin PBXFileReference section */
		3E03BD8F2BF5E34100C5CF63 /* AddTaskButton.swift */ = {isa = PBXFileReference; lastKnownFileType = sourcecode.swift; path = AddTaskButton.swift; sourceTree = "<group>"; };
		3E03BD912BF5EC7D00C5CF63 /* NewTaskForm.swift */ = {isa = PBXFileReference; lastKnownFileType = sourcecode.swift; path = NewTaskForm.swift; sourceTree = "<group>"; };
		3E03BD942BF5F9C600C5CF63 /* TodoView.swift */ = {isa = PBXFileReference; lastKnownFileType = sourcecode.swift; path = TodoView.swift; sourceTree = "<group>"; };
		3E03BD962BF5FD4400C5CF63 /* TodoRow.swift */ = {isa = PBXFileReference; lastKnownFileType = sourcecode.swift; path = TodoRow.swift; sourceTree = "<group>"; };
		3E03BD992BF61F2C00C5CF63 /* CheckboxToggleStyle.swift */ = {isa = PBXFileReference; lastKnownFileType = sourcecode.swift; path = CheckboxToggleStyle.swift; sourceTree = "<group>"; };
		3E03BD9B2BF6366D00C5CF63 /* TaskDetail.swift */ = {isa = PBXFileReference; lastKnownFileType = sourcecode.swift; path = TaskDetail.swift; sourceTree = "<group>"; };
		3E03BD9D2BF9034D00C5CF63 /* BindingExtension.swift */ = {isa = PBXFileReference; lastKnownFileType = sourcecode.swift; path = BindingExtension.swift; sourceTree = "<group>"; };
		3E4360E72BF9F6BA00128B9B /* DailyRow.swift */ = {isa = PBXFileReference; lastKnownFileType = sourcecode.swift; path = DailyRow.swift; sourceTree = "<group>"; };
		3E4360EB2BFA13E800128B9B /* WeeklyRow.swift */ = {isa = PBXFileReference; lastKnownFileType = sourcecode.swift; path = WeeklyRow.swift; sourceTree = "<group>"; };
		3E4BCD0E2C5E62690043D003 /* StreakText.swift */ = {isa = PBXFileReference; lastKnownFileType = sourcecode.swift; path = StreakText.swift; sourceTree = "<group>"; };
		3E9075FF2BF334F900C8D8A6 /* onePercent.app */ = {isa = PBXFileReference; explicitFileType = wrapper.application; includeInIndex = 0; path = onePercent.app; sourceTree = BUILT_PRODUCTS_DIR; };
		3E9076022BF334F900C8D8A6 /* onePercentApp.swift */ = {isa = PBXFileReference; lastKnownFileType = sourcecode.swift; path = onePercentApp.swift; sourceTree = "<group>"; };
		3E9076042BF334F900C8D8A6 /* ContentView.swift */ = {isa = PBXFileReference; lastKnownFileType = sourcecode.swift; path = ContentView.swift; sourceTree = "<group>"; };
		3E9076062BF334F900C8D8A6 /* Task.swift */ = {isa = PBXFileReference; lastKnownFileType = sourcecode.swift; path = Task.swift; sourceTree = "<group>"; };
		3E9076082BF334FB00C8D8A6 /* Assets.xcassets */ = {isa = PBXFileReference; lastKnownFileType = folder.assetcatalog; path = Assets.xcassets; sourceTree = "<group>"; };
		3E90760B2BF334FB00C8D8A6 /* Preview Assets.xcassets */ = {isa = PBXFileReference; lastKnownFileType = folder.assetcatalog; path = "Preview Assets.xcassets"; sourceTree = "<group>"; };
		3E9076142BF3A86400C8D8A6 /* DailyView.swift */ = {isa = PBXFileReference; lastKnownFileType = sourcecode.swift; path = DailyView.swift; sourceTree = "<group>"; };
		3E9076182BF3A8D900C8D8A6 /* WeeklyView.swift */ = {isa = PBXFileReference; lastKnownFileType = sourcecode.swift; path = WeeklyView.swift; sourceTree = "<group>"; };
		3E90761B2BF487E400C8D8A6 /* Profile.swift */ = {isa = PBXFileReference; lastKnownFileType = sourcecode.swift; path = Profile.swift; sourceTree = "<group>"; };
		3E90761D2BF48B8C00C8D8A6 /* ProfileView.swift */ = {isa = PBXFileReference; lastKnownFileType = sourcecode.swift; path = ProfileView.swift; sourceTree = "<group>"; };
/* End PBXFileReference section */

/* Begin PBXFrameworksBuildPhase section */
		3E9075FC2BF334F900C8D8A6 /* Frameworks */ = {
			isa = PBXFrameworksBuildPhase;
			buildActionMask = 2147483647;
			files = (
			);
			runOnlyForDeploymentPostprocessing = 0;
		};
/* End PBXFrameworksBuildPhase section */

/* Begin PBXGroup section */
		3E03BD8E2BF5E32300C5CF63 /* Task */ = {
			isa = PBXGroup;
			children = (
				3E03BD8F2BF5E34100C5CF63 /* AddTaskButton.swift */,
				3E03BD912BF5EC7D00C5CF63 /* NewTaskForm.swift */,
				3E03BD9B2BF6366D00C5CF63 /* TaskDetail.swift */,
			);
			path = Task;
			sourceTree = "<group>";
		};
		3E03BD932BF5F9B100C5CF63 /* TodoTab */ = {
			isa = PBXGroup;
			children = (
				3E03BD942BF5F9C600C5CF63 /* TodoView.swift */,
				3E03BD962BF5FD4400C5CF63 /* TodoRow.swift */,
			);
			path = TodoTab;
			sourceTree = "<group>";
		};
		3E03BD982BF61F1B00C5CF63 /* Helpers */ = {
			isa = PBXGroup;
			children = (
				3E03BD992BF61F2C00C5CF63 /* CheckboxToggleStyle.swift */,
				3E4BCD0E2C5E62690043D003 /* StreakText.swift */,
			);
			path = Helpers;
			sourceTree = "<group>";
		};
		3E9075F62BF334F900C8D8A6 = {
			isa = PBXGroup;
			children = (
				3E9076012BF334F900C8D8A6 /* onePercent */,
				3E9076002BF334F900C8D8A6 /* Products */,
			);
			sourceTree = "<group>";
		};
		3E9076002BF334F900C8D8A6 /* Products */ = {
			isa = PBXGroup;
			children = (
				3E9075FF2BF334F900C8D8A6 /* onePercent.app */,
			);
			name = Products;
			sourceTree = "<group>";
		};
		3E9076012BF334F900C8D8A6 /* onePercent */ = {
			isa = PBXGroup;
			children = (
				3E9076022BF334F900C8D8A6 /* onePercentApp.swift */,
				3E9076122BF3351C00C8D8A6 /* View */,
				3E9076132BF3352400C8D8A6 /* Model */,
				3E9076082BF334FB00C8D8A6 /* Assets.xcassets */,
				3E90760A2BF334FB00C8D8A6 /* Preview Content */,
			);
			path = onePercent;
			sourceTree = "<group>";
		};
		3E90760A2BF334FB00C8D8A6 /* Preview Content */ = {
			isa = PBXGroup;
			children = (
				3E90760B2BF334FB00C8D8A6 /* Preview Assets.xcassets */,
			);
			path = "Preview Content";
			sourceTree = "<group>";
		};
		3E9076122BF3351C00C8D8A6 /* View */ = {
			isa = PBXGroup;
			children = (
				3E9076042BF334F900C8D8A6 /* ContentView.swift */,
				3E03BD982BF61F1B00C5CF63 /* Helpers */,
				3E03BD932BF5F9B100C5CF63 /* TodoTab */,
				3E03BD8E2BF5E32300C5CF63 /* Task */,
				3E90761A2BF487BD00C8D8A6 /* Profile */,
				3E9076172BF3A8CD00C8D8A6 /* WeeklyTab */,
				3E9076162BF3A86800C8D8A6 /* DailyTab */,
			);
			path = View;
			sourceTree = "<group>";
		};
		3E9076132BF3352400C8D8A6 /* Model */ = {
			isa = PBXGroup;
			children = (
				3E9076062BF334F900C8D8A6 /* Task.swift */,
				3E90761B2BF487E400C8D8A6 /* Profile.swift */,
				3E03BD9D2BF9034D00C5CF63 /* BindingExtension.swift */,
			);
			path = Model;
			sourceTree = "<group>";
		};
		3E9076162BF3A86800C8D8A6 /* DailyTab */ = {
			isa = PBXGroup;
			children = (
				3E9076142BF3A86400C8D8A6 /* DailyView.swift */,
				3E4360E72BF9F6BA00128B9B /* DailyRow.swift */,
			);
			path = DailyTab;
			sourceTree = "<group>";
		};
		3E9076172BF3A8CD00C8D8A6 /* WeeklyTab */ = {
			isa = PBXGroup;
			children = (
				3E9076182BF3A8D900C8D8A6 /* WeeklyView.swift */,
				3E4360EB2BFA13E800128B9B /* WeeklyRow.swift */,
			);
			path = WeeklyTab;
			sourceTree = "<group>";
		};
		3E90761A2BF487BD00C8D8A6 /* Profile */ = {
			isa = PBXGroup;
			children = (
				3E90761D2BF48B8C00C8D8A6 /* ProfileView.swift */,
			);
			path = Profile;
			sourceTree = "<group>";
		};
/* End PBXGroup section */

/* Begin PBXNativeTarget section */
		3E9075FE2BF334F900C8D8A6 /* onePercent */ = {
			isa = PBXNativeTarget;
			buildConfigurationList = 3E90760F2BF334FB00C8D8A6 /* Build configuration list for PBXNativeTarget "onePercent" */;
			buildPhases = (
				3E9075FB2BF334F900C8D8A6 /* Sources */,
				3E9075FC2BF334F900C8D8A6 /* Frameworks */,
				3E9075FD2BF334F900C8D8A6 /* Resources */,
			);
			buildRules = (
			);
			dependencies = (
			);
			name = onePercent;
			productName = onePercent;
			productReference = 3E9075FF2BF334F900C8D8A6 /* onePercent.app */;
			productType = "com.apple.product-type.application";
		};
/* End PBXNativeTarget section */

/* Begin PBXProject section */
		3E9075F72BF334F900C8D8A6 /* Project object */ = {
			isa = PBXProject;
			attributes = {
				BuildIndependentTargetsInParallel = 1;
				LastSwiftUpdateCheck = 1530;
				LastUpgradeCheck = 1530;
				TargetAttributes = {
					3E9075FE2BF334F900C8D8A6 = {
						CreatedOnToolsVersion = 15.3;
					};
				};
			};
			buildConfigurationList = 3E9075FA2BF334F900C8D8A6 /* Build configuration list for PBXProject "onePercent" */;
			compatibilityVersion = "Xcode 14.0";
			developmentRegion = en;
			hasScannedForEncodings = 0;
			knownRegions = (
				en,
				Base,
			);
			mainGroup = 3E9075F62BF334F900C8D8A6;
			productRefGroup = 3E9076002BF334F900C8D8A6 /* Products */;
			projectDirPath = "";
			projectRoot = "";
			targets = (
				3E9075FE2BF334F900C8D8A6 /* onePercent */,
			);
		};
/* End PBXProject section */

/* Begin PBXResourcesBuildPhase section */
		3E9075FD2BF334F900C8D8A6 /* Resources */ = {
			isa = PBXResourcesBuildPhase;
			buildActionMask = 2147483647;
			files = (
				3E90760C2BF334FB00C8D8A6 /* Preview Assets.xcassets in Resources */,
				3E9076092BF334FB00C8D8A6 /* Assets.xcassets in Resources */,
			);
			runOnlyForDeploymentPostprocessing = 0;
		};
/* End PBXResourcesBuildPhase section */

/* Begin PBXSourcesBuildPhase section */
		3E9075FB2BF334F900C8D8A6 /* Sources */ = {
			isa = PBXSourcesBuildPhase;
			buildActionMask = 2147483647;
			files = (
				3E03BD922BF5EC7D00C5CF63 /* NewTaskForm.swift in Sources */,
				3E9076152BF3A86400C8D8A6 /* DailyView.swift in Sources */,
				3E03BD952BF5F9C600C5CF63 /* TodoView.swift in Sources */,
				3E4360EC2BFA13E800128B9B /* WeeklyRow.swift in Sources */,
				3E90761C2BF487E400C8D8A6 /* Profile.swift in Sources */,
				3E9076052BF334F900C8D8A6 /* ContentView.swift in Sources */,
				3E4BCD0F2C5E62690043D003 /* StreakText.swift in Sources */,
				3E03BD9E2BF9034E00C5CF63 /* BindingExtension.swift in Sources */,
				3E9076192BF3A8D900C8D8A6 /* WeeklyView.swift in Sources */,
				3E03BD9C2BF6366D00C5CF63 /* TaskDetail.swift in Sources */,
				3E9076072BF334F900C8D8A6 /* Task.swift in Sources */,
				3E90761E2BF48B8C00C8D8A6 /* ProfileView.swift in Sources */,
				3E03BD902BF5E34100C5CF63 /* AddTaskButton.swift in Sources */,
				3E03BD972BF5FD4400C5CF63 /* TodoRow.swift in Sources */,
				3E03BD9A2BF61F2D00C5CF63 /* CheckboxToggleStyle.swift in Sources */,
				3E4360E82BF9F6BA00128B9B /* DailyRow.swift in Sources */,
				3E9076032BF334F900C8D8A6 /* onePercentApp.swift in Sources */,
			);
			runOnlyForDeploymentPostprocessing = 0;
		};
/* End PBXSourcesBuildPhase section */

/* Begin XCBuildConfiguration section */
		3E90760D2BF334FB00C8D8A6 /* Debug */ = {
			isa = XCBuildConfiguration;
			buildSettings = {
				ALWAYS_SEARCH_USER_PATHS = NO;
				ASSETCATALOG_COMPILER_GENERATE_SWIFT_ASSET_SYMBOL_EXTENSIONS = YES;
				CLANG_ANALYZER_NONNULL = YES;
				CLANG_ANALYZER_NUMBER_OBJECT_CONVERSION = YES_AGGRESSIVE;
				CLANG_CXX_LANGUAGE_STANDARD = "gnu++20";
				CLANG_ENABLE_MODULES = YES;
				CLANG_ENABLE_OBJC_ARC = YES;
				CLANG_ENABLE_OBJC_WEAK = YES;
				CLANG_WARN_BLOCK_CAPTURE_AUTORELEASING = YES;
				CLANG_WARN_BOOL_CONVERSION = YES;
				CLANG_WARN_COMMA = YES;
				CLANG_WARN_CONSTANT_CONVERSION = YES;
				CLANG_WARN_DEPRECATED_OBJC_IMPLEMENTATIONS = YES;
				CLANG_WARN_DIRECT_OBJC_ISA_USAGE = YES_ERROR;
				CLANG_WARN_DOCUMENTATION_COMMENTS = YES;
				CLANG_WARN_EMPTY_BODY = YES;
				CLANG_WARN_ENUM_CONVERSION = YES;
				CLANG_WARN_INFINITE_RECURSION = YES;
				CLANG_WARN_INT_CONVERSION = YES;
				CLANG_WARN_NON_LITERAL_NULL_CONVERSION = YES;
				CLANG_WARN_OBJC_IMPLICIT_RETAIN_SELF = YES;
				CLANG_WARN_OBJC_LITERAL_CONVERSION = YES;
				CLANG_WARN_OBJC_ROOT_CLASS = YES_ERROR;
				CLANG_WARN_QUOTED_INCLUDE_IN_FRAMEWORK_HEADER = YES;
				CLANG_WARN_RANGE_LOOP_ANALYSIS = YES;
				CLANG_WARN_STRICT_PROTOTYPES = YES;
				CLANG_WARN_SUSPICIOUS_MOVE = YES;
				CLANG_WARN_UNGUARDED_AVAILABILITY = YES_AGGRESSIVE;
				CLANG_WARN_UNREACHABLE_CODE = YES;
				CLANG_WARN__DUPLICATE_METHOD_MATCH = YES;
				COPY_PHASE_STRIP = NO;
				DEBUG_INFORMATION_FORMAT = dwarf;
				ENABLE_STRICT_OBJC_MSGSEND = YES;
				ENABLE_TESTABILITY = YES;
				ENABLE_USER_SCRIPT_SANDBOXING = YES;
				GCC_C_LANGUAGE_STANDARD = gnu17;
				GCC_DYNAMIC_NO_PIC = NO;
				GCC_NO_COMMON_BLOCKS = YES;
				GCC_OPTIMIZATION_LEVEL = 0;
				GCC_PREPROCESSOR_DEFINITIONS = (
					"DEBUG=1",
					"$(inherited)",
				);
				GCC_WARN_64_TO_32_BIT_CONVERSION = YES;
				GCC_WARN_ABOUT_RETURN_TYPE = YES_ERROR;
				GCC_WARN_UNDECLARED_SELECTOR = YES;
				GCC_WARN_UNINITIALIZED_AUTOS = YES_AGGRESSIVE;
				GCC_WARN_UNUSED_FUNCTION = YES;
				GCC_WARN_UNUSED_VARIABLE = YES;
				IPHONEOS_DEPLOYMENT_TARGET = 17.5;
				LOCALIZATION_PREFERS_STRING_CATALOGS = YES;
				MTL_ENABLE_DEBUG_INFO = INCLUDE_SOURCE;
				MTL_FAST_MATH = YES;
				ONLY_ACTIVE_ARCH = YES;
				SDKROOT = iphoneos;
				SWIFT_ACTIVE_COMPILATION_CONDITIONS = "DEBUG $(inherited)";
				SWIFT_OPTIMIZATION_LEVEL = "-Onone";
			};
			name = Debug;
		};
		3E90760E2BF334FB00C8D8A6 /* Release */ = {
			isa = XCBuildConfiguration;
			buildSettings = {
				ALWAYS_SEARCH_USER_PATHS = NO;
				ASSETCATALOG_COMPILER_GENERATE_SWIFT_ASSET_SYMBOL_EXTENSIONS = YES;
				CLANG_ANALYZER_NONNULL = YES;
				CLANG_ANALYZER_NUMBER_OBJECT_CONVERSION = YES_AGGRESSIVE;
				CLANG_CXX_LANGUAGE_STANDARD = "gnu++20";
				CLANG_ENABLE_MODULES = YES;
				CLANG_ENABLE_OBJC_ARC = YES;
				CLANG_ENABLE_OBJC_WEAK = YES;
				CLANG_WARN_BLOCK_CAPTURE_AUTORELEASING = YES;
				CLANG_WARN_BOOL_CONVERSION = YES;
				CLANG_WARN_COMMA = YES;
				CLANG_WARN_CONSTANT_CONVERSION = YES;
				CLANG_WARN_DEPRECATED_OBJC_IMPLEMENTATIONS = YES;
				CLANG_WARN_DIRECT_OBJC_ISA_USAGE = YES_ERROR;
				CLANG_WARN_DOCUMENTATION_COMMENTS = YES;
				CLANG_WARN_EMPTY_BODY = YES;
				CLANG_WARN_ENUM_CONVERSION = YES;
				CLANG_WARN_INFINITE_RECURSION = YES;
				CLANG_WARN_INT_CONVERSION = YES;
				CLANG_WARN_NON_LITERAL_NULL_CONVERSION = YES;
				CLANG_WARN_OBJC_IMPLICIT_RETAIN_SELF = YES;
				CLANG_WARN_OBJC_LITERAL_CONVERSION = YES;
				CLANG_WARN_OBJC_ROOT_CLASS = YES_ERROR;
				CLANG_WARN_QUOTED_INCLUDE_IN_FRAMEWORK_HEADER = YES;
				CLANG_WARN_RANGE_LOOP_ANALYSIS = YES;
				CLANG_WARN_STRICT_PROTOTYPES = YES;
				CLANG_WARN_SUSPICIOUS_MOVE = YES;
				CLANG_WARN_UNGUARDED_AVAILABILITY = YES_AGGRESSIVE;
				CLANG_WARN_UNREACHABLE_CODE = YES;
				CLANG_WARN__DUPLICATE_METHOD_MATCH = YES;
				COPY_PHASE_STRIP = NO;
				DEBUG_INFORMATION_FORMAT = "dwarf-with-dsym";
				ENABLE_NS_ASSERTIONS = NO;
				ENABLE_STRICT_OBJC_MSGSEND = YES;
				ENABLE_USER_SCRIPT_SANDBOXING = YES;
				GCC_C_LANGUAGE_STANDARD = gnu17;
				GCC_NO_COMMON_BLOCKS = YES;
				GCC_WARN_64_TO_32_BIT_CONVERSION = YES;
				GCC_WARN_ABOUT_RETURN_TYPE = YES_ERROR;
				GCC_WARN_UNDECLARED_SELECTOR = YES;
				GCC_WARN_UNINITIALIZED_AUTOS = YES_AGGRESSIVE;
				GCC_WARN_UNUSED_FUNCTION = YES;
				GCC_WARN_UNUSED_VARIABLE = YES;
				IPHONEOS_DEPLOYMENT_TARGET = 17.5;
				LOCALIZATION_PREFERS_STRING_CATALOGS = YES;
				MTL_ENABLE_DEBUG_INFO = NO;
				MTL_FAST_MATH = YES;
				SDKROOT = iphoneos;
				SWIFT_COMPILATION_MODE = wholemodule;
				VALIDATE_PRODUCT = YES;
			};
			name = Release;
		};
		3E9076102BF334FB00C8D8A6 /* Debug */ = {
			isa = XCBuildConfiguration;
			buildSettings = {
				ASSETCATALOG_COMPILER_APPICON_NAME = AppIcon;
				ASSETCATALOG_COMPILER_GLOBAL_ACCENT_COLOR_NAME = AccentColor;
				CODE_SIGN_STYLE = Automatic;
				CURRENT_PROJECT_VERSION = 1;
				DEVELOPMENT_ASSET_PATHS = "\"onePercent/Preview Content\"";
				DEVELOPMENT_TEAM = D2T5NJK7S8;
				ENABLE_PREVIEWS = YES;
				GENERATE_INFOPLIST_FILE = YES;
				INFOPLIST_KEY_UIApplicationSceneManifest_Generation = YES;
				INFOPLIST_KEY_UIApplicationSupportsIndirectInputEvents = YES;
				INFOPLIST_KEY_UILaunchScreen_Generation = YES;
				INFOPLIST_KEY_UISupportedInterfaceOrientations_iPad = "UIInterfaceOrientationPortrait UIInterfaceOrientationPortraitUpsideDown UIInterfaceOrientationLandscapeLeft UIInterfaceOrientationLandscapeRight";
				INFOPLIST_KEY_UISupportedInterfaceOrientations_iPhone = "UIInterfaceOrientationPortrait UIInterfaceOrientationLandscapeLeft UIInterfaceOrientationLandscapeRight";
				IPHONEOS_DEPLOYMENT_TARGET = 17.0;
				LD_RUNPATH_SEARCH_PATHS = (
					"$(inherited)",
					"@executable_path/Frameworks",
				);
				MARKETING_VERSION = 1.0;
				PRODUCT_BUNDLE_IDENTIFIER = mikysek.onePercentApp;
				PRODUCT_NAME = "$(TARGET_NAME)";
				SWIFT_EMIT_LOC_STRINGS = YES;
				SWIFT_VERSION = 5.0;
				TARGETED_DEVICE_FAMILY = "1,2";
			};
			name = Debug;
		};
		3E9076112BF334FB00C8D8A6 /* Release */ = {
			isa = XCBuildConfiguration;
			buildSettings = {
				ASSETCATALOG_COMPILER_APPICON_NAME = AppIcon;
				ASSETCATALOG_COMPILER_GLOBAL_ACCENT_COLOR_NAME = AccentColor;
				CODE_SIGN_STYLE = Automatic;
				CURRENT_PROJECT_VERSION = 1;
				DEVELOPMENT_ASSET_PATHS = "\"onePercent/Preview Content\"";
				DEVELOPMENT_TEAM = D2T5NJK7S8;
				ENABLE_PREVIEWS = YES;
				GENERATE_INFOPLIST_FILE = YES;
				INFOPLIST_KEY_UIApplicationSceneManifest_Generation = YES;
				INFOPLIST_KEY_UIApplicationSupportsIndirectInputEvents = YES;
				INFOPLIST_KEY_UILaunchScreen_Generation = YES;
				INFOPLIST_KEY_UISupportedInterfaceOrientations_iPad = "UIInterfaceOrientationPortrait UIInterfaceOrientationPortraitUpsideDown UIInterfaceOrientationLandscapeLeft UIInterfaceOrientationLandscapeRight";
				INFOPLIST_KEY_UISupportedInterfaceOrientations_iPhone = "UIInterfaceOrientationPortrait UIInterfaceOrientationLandscapeLeft UIInterfaceOrientationLandscapeRight";
				IPHONEOS_DEPLOYMENT_TARGET = 17.0;
				LD_RUNPATH_SEARCH_PATHS = (
					"$(inherited)",
					"@executable_path/Frameworks",
				);
				MARKETING_VERSION = 1.0;
				PRODUCT_BUNDLE_IDENTIFIER = mikysek.onePercentApp;
				PRODUCT_NAME = "$(TARGET_NAME)";
				SWIFT_EMIT_LOC_STRINGS = YES;
				SWIFT_VERSION = 5.0;
				TARGETED_DEVICE_FAMILY = "1,2";
			};
			name = Release;
		};
/* End XCBuildConfiguration section */

/* Begin XCConfigurationList section */
		3E9075FA2BF334F900C8D8A6 /* Build configuration list for PBXProject "onePercent" */ = {
			isa = XCConfigurationList;
			buildConfigurations = (
				3E90760D2BF334FB00C8D8A6 /* Debug */,
				3E90760E2BF334FB00C8D8A6 /* Release */,
			);
			defaultConfigurationIsVisible = 0;
			defaultConfigurationName = Release;
		};
		3E90760F2BF334FB00C8D8A6 /* Build configuration list for PBXNativeTarget "onePercent" */ = {
			isa = XCConfigurationList;
			buildConfigurations = (
				3E9076102BF334FB00C8D8A6 /* Debug */,
				3E9076112BF334FB00C8D8A6 /* Release */,
			);
			defaultConfigurationIsVisible = 0;
			defaultConfigurationName = Release;
		};
/* End XCConfigurationList section */
	};
	rootObject = 3E9075F72BF334F900C8D8A6 /* Project object */;
}
